{
  "originHash" : "2957da7d76886a8bb468c8e89a91b43153c2e3357345218ce4564fa663337a59",
  "pins" : [
    {
      "identity" : "capacitor-swift-pm",
      "kind" : "remoteSourceControl",
      "location" : "https://github.com/ionic-team/capacitor-swift-pm.git",
      "state" : {
        "revision" : "0b6882e9a3288342aacf36348e5a94e4f1dd7b13",
        "version" : "8.5.2"
      }
    },
    {
      "identity" : "ion-ios-camera",
      "kind" : "remoteSourceControl",
      "location" : "https://github.com/ionic-team/ion-ios-camera.git",
      "state" : {
        "revision" : "00c3dfdd6267f80db299d9c5a0bad522156b6cbc",
        "version" : "2.0.0"
      }
    },
    {
      "identity" : "ion-ios-filesystem",
      "kind" : "remoteSourceControl",
      "location" : "https://github.com/ionic-team/ion-ios-filesystem.git",
      "state" : {
        "revision" : "56bd6f9e77cb4f2269c03f2d92a9fe58fe168a1c",
        "version" : "1.1.4"
      }
    },
    {
      "identity" : "ion-ios-filetransfer",
      "kind" : "remoteSourceControl",
      "location" : "https://github.com/ionic-team/ion-ios-filetransfer.git",
      "state" : {
        "revision" : "3694f729844bf65134203cfda03b07ccca8977a9",
        "version" : "1.0.3"
      }
    }
  ],
  "version" : 3
}
